<?xml version="1.0" encoding="utf-8"?>
<Project ToolsVersion="4.0" xmlns="http://schemas.microsoft.com/developer/msbuild/2003">
  <ItemGroup>
    <Filter Include="Source Files">
      <UniqueIdentifier>{4FC737F1-C7A5-4376-A066-2A32D752A2FF}</UniqueIdentifier>
      <Extensions>cpp;c;cc;cxx;def;odl;idl;hpj;bat;asm;asmx</Extensions>
    </Filter>
    <Filter Include="Header Files">
      <UniqueIdentifier>{93995380-89BD-4b04-88EB-625FBE52EBFB}</UniqueIdentifier>
      <Extensions>h;hh;hpp;hxx;hm;inl;inc;xsd</Extensions>
    </Filter>
    <Filter Include="Resource Files">
      <UniqueIdentifier>{67DA6AB6-F800-4c08-8B7A-83BB121AAD01}</UniqueIdentifier>
      <Extensions>rc;ico;cur;bmp;dlg;rc2;rct;bin;rgs;gif;jpg;jpeg;jpe;resx;tiff;tif;png;wav;mfcribbon-ms</Extensions>
    </Filter>
    <Filter Include="Source Files\images">
      <UniqueIdentifier>{ce37977c-e4b1-4cdd-b542-7361398ceb40}</UniqueIdentifier>
    </Filter>
  </ItemGroup>
  <ItemGroup>
    <ClCompile Include="Source.cpp">
      <Filter>Source Files</Filter>
    </ClCompile>
  </ItemGroup>
  <ItemGroup>
    <ClInclude Include="objects.h">
      <Filter>Source Files</Filter>
    </ClInclude>
    <ClInclude Include="collisions.h">
      <Filter>Source Files</Filter>
    </ClInclude>
    <ClInclude Include="movement.h">
      <Filter>Source Files</Filter>
    </ClInclude>
  </ItemGroup>
  <ItemGroup>
    <Image Include="images\background.png">
      <Filter>Source Files\images</Filter>
    </Image>
    <Image Include="images\death.jpg">
      <Filter>Source Files\images</Filter>
    </Image>
    <Image Include="images\fire.gif">
      <Filter>Source Files\images</Filter>
    </Image>
    <Image Include="images\gem1.png">
      <Filter>Source Files\images</Filter>
    </Image>
    <Image Include="images\gem2.png">
      <Filter>Source Files\images</Filter>
    </Image>
    <Image Include="images\gem3.png">
      <Filter>Source Files\images</Filter>
    </Image>
    <Image Include="images\gem4.png">
      <Filter>Source Files\images</Filter>
    </Image>
    <Image Include="images\mainpage.jpg">
      <Filter>Source Files\images</Filter>
    </Image>
    <Image Include="images\monster_l.gif">
      <Filter>Source Files\images</Filter>
    </Image>
    <Image Include="images\monster_r.gif">
      <Filter>Source Files\images</Filter>
    </Image>
    <Image Include="images\player_l.gif">
      <Filter>Source Files\images</Filter>
    </Image>
    <Image Include="images\player_r.gif">
      <Filter>Source Files\images</Filter>
    </Image>
    <Image Include="images\tiles.gif">
      <Filter>Source Files\images</Filter>
    </Image>
  </ItemGroup>
</Project>